// !$*UTF8*$!
{
	archiveVersion = 1;
	classes = {
	};
	objectVersion = 48;
	objects = {

/* Begin PBXBuildFile section */
		044C14CD248A530E00B2A0B5 /* Logistician.cpp in Sources */ = {isa = PBXBuildFile; fileRef = 044C14B9248A530C00B2A0B5 /* Logistician.cpp */; };
		044C14CE248A530E00B2A0B5 /* Lawyer.cpp in Sources */ = {isa = PBXBuildFile; fileRef = 044C14BA248A530C00B2A0B5 /* Lawyer.cpp */; };
		044C14CF248A530E00B2A0B5 /* Logger.cpp in Sources */ = {isa = PBXBuildFile; fileRef = 044C14BB248A530C00B2A0B5 /* Logger.cpp */; };
		044C14D0248A530E00B2A0B5 /* tinyxml2.cpp in Sources */ = {isa = PBXBuildFile; fileRef = 044C14BC248A530C00B2A0B5 /* tinyxml2.cpp */; };
		044C14D1248A530E00B2A0B5 /* Director.cpp in Sources */ = {isa = PBXBuildFile; fileRef = 044C14BD248A530C00B2A0B5 /* Director.cpp */; };
		044C14D2248A530E00B2A0B5 /* HeadOfProcurement.cpp in Sources */ = {isa = PBXBuildFile; fileRef = 044C14BE248A530C00B2A0B5 /* HeadOfProcurement.cpp */; };
		044C14D3248A530E00B2A0B5 /* Data.cpp in Sources */ = {isa = PBXBuildFile; fileRef = 044C14BF248A530C00B2A0B5 /* Data.cpp */; };
		044C14D4248A530E00B2A0B5 /* SalesManager.cpp in Sources */ = {isa = PBXBuildFile; fileRef = 044C14C0248A530D00B2A0B5 /* SalesManager.cpp */; };
		044C14D5248A530E00B2A0B5 /* Accountant.cpp in Sources */ = {isa = PBXBuildFile; fileRef = 044C14C1248A530D00B2A0B5 /* Accountant.cpp */; };
		044C14D6248A530E00B2A0B5 /* ChiefLegalCounsel.cpp in Sources */ = {isa = PBXBuildFile; fileRef = 044C14C2248A530D00B2A0B5 /* ChiefLegalCounsel.cpp */; };
		044C14D7248A530E00B2A0B5 /* Utils.cpp in Sources */ = {isa = PBXBuildFile; fileRef = 044C14C3248A530D00B2A0B5 /* Utils.cpp */; };
		044C14D8248A530E00B2A0B5 /* Loader.cpp in Sources */ = {isa = PBXBuildFile; fileRef = 044C14C4248A530D00B2A0B5 /* Loader.cpp */; };
		044C14D9248A530E00B2A0B5 /* HeadOfWarehouse.cpp in Sources */ = {isa = PBXBuildFile; fileRef = 044C14C5248A530D00B2A0B5 /* HeadOfWarehouse.cpp */; };
		044C14DA248A530E00B2A0B5 /* TradingCompany.cpp in Sources */ = {isa = PBXBuildFile; fileRef = 044C14C6248A530D00B2A0B5 /* TradingCompany.cpp */; };
		044C14DB248A530E00B2A0B5 /* ChiefAccountant.cpp in Sources */ = {isa = PBXBuildFile; fileRef = 044C14C7248A530D00B2A0B5 /* ChiefAccountant.cpp */; };
		044C14DC248A530E00B2A0B5 /* Driver.cpp in Sources */ = {isa = PBXBuildFile; fileRef = 044C14C8248A530D00B2A0B5 /* Driver.cpp */; };
		044C14DD248A530E00B2A0B5 /* Cashier.cpp in Sources */ = {isa = PBXBuildFile; fileRef = 044C14C9248A530D00B2A0B5 /* Cashier.cpp */; };
		044C14DE248A530E00B2A0B5 /* HRManager.cpp in Sources */ = {isa = PBXBuildFile; fileRef = 044C14CA248A530D00B2A0B5 /* HRManager.cpp */; };
		044C14DF248A530E00B2A0B5 /* main.cpp in Sources */ = {isa = PBXBuildFile; fileRef = 044C14CB248A530D00B2A0B5 /* main.cpp */; };
		044C14E0248A530E00B2A0B5 /* PurchasingManager.cpp in Sources */ = {isa = PBXBuildFile; fileRef = 044C14CC248A530D00B2A0B5 /* PurchasingManager.cpp */; };
/* End PBXBuildFile section */

/* Begin PBXCopyFilesBuildPhase section */
		04A428CC2018FCF4004E1124 /* CopyFiles */ = {
			isa = PBXCopyFilesBuildPhase;
			buildActionMask = 2147483647;
			dstPath = /usr/share/man/man1;
			dstSubfolderSpec = 0;
			files = (
			);
			runOnlyForDeploymentPostprocessing = 1;
		};
/* End PBXCopyFilesBuildPhase section */

/* Begin PBXFileReference section */
		044C14A5248A52A500B2A0B5 /* Loader.h */ = {isa = PBXFileReference; fileEncoding = 4; lastKnownFileType = sourcecode.c.h; path = Loader.h; sourceTree = "<group>"; };
		044C14A6248A52A500B2A0B5 /* TradingCompany.h */ = {isa = PBXFileReference; fileEncoding = 4; lastKnownFileType = sourcecode.c.h; path = TradingCompany.h; sourceTree = "<group>"; };
		044C14A7248A52A500B2A0B5 /* ChiefLegalCounsel.h */ = {isa = PBXFileReference; fileEncoding = 4; lastKnownFileType = sourcecode.c.h; path = ChiefLegalCounsel.h; sourceTree = "<group>"; };
		044C14A8248A52A500B2A0B5 /* Data.h */ = {isa = PBXFileReference; fileEncoding = 4; lastKnownFileType = sourcecode.c.h; path = Data.h; sourceTree = "<group>"; };
		044C14A9248A52A600B2A0B5 /* SalesManager.h */ = {isa = PBXFileReference; fileEncoding = 4; lastKnownFileType = sourcecode.c.h; path = SalesManager.h; sourceTree = "<group>"; };
		044C14AA248A52A600B2A0B5 /* Cashier.h */ = {isa = PBXFileReference; fileEncoding = 4; lastKnownFileType = sourcecode.c.h; path = Cashier.h; sourceTree = "<group>"; };
		044C14AB248A52A600B2A0B5 /* ChiefAccountant.h */ = {isa = PBXFileReference; fileEncoding = 4; lastKnownFileType = sourcecode.c.h; path = ChiefAccountant.h; sourceTree = "<group>"; };
		044C14AC248A52A600B2A0B5 /* HRManager.h */ = {isa = PBXFileReference; fileEncoding = 4; lastKnownFileType = sourcecode.c.h; path = HRManager.h; sourceTree = "<group>"; };
		044C14AD248A52A600B2A0B5 /* HeadOfWarehouse.h */ = {isa = PBXFileReference; fileEncoding = 4; lastKnownFileType = sourcecode.c.h; path = HeadOfWarehouse.h; sourceTree = "<group>"; };
		044C14AE248A52A600B2A0B5 /* HeadOfProcurement.h */ = {isa = PBXFileReference; fileEncoding = 4; lastKnownFileType = sourcecode.c.h; path = HeadOfProcurement.h; sourceTree = "<group>"; };
		044C14AF248A52A600B2A0B5 /* PurchasingManager.h */ = {isa = PBXFileReference; fileEncoding = 4; lastKnownFileType = sourcecode.c.h; path = PurchasingManager.h; sourceTree = "<group>"; };
		044C14B0248A52A700B2A0B5 /* Utils.h */ = {isa = PBXFileReference; fileEncoding = 4; lastKnownFileType = sourcecode.c.h; path = Utils.h; sourceTree = "<group>"; };
		044C14B1248A52A700B2A0B5 /* Accountant.h */ = {isa = PBXFileReference; fileEncoding = 4; lastKnownFileType = sourcecode.c.h; path = Accountant.h; sourceTree = "<group>"; };
		044C14B2248A52A700B2A0B5 /* Director.h */ = {isa = PBXFileReference; fileEncoding = 4; lastKnownFileType = sourcecode.c.h; path = Director.h; sourceTree = "<group>"; };
		044C14B3248A52A700B2A0B5 /* tinyxml2.h */ = {isa = PBXFileReference; fileEncoding = 4; lastKnownFileType = sourcecode.c.h; path = tinyxml2.h; sourceTree = "<group>"; };
		044C14B4248A52A700B2A0B5 /* Logger.h */ = {isa = PBXFileReference; fileEncoding = 4; lastKnownFileType = sourcecode.c.h; path = Logger.h; sourceTree = "<group>"; };
		044C14B5248A52A700B2A0B5 /* Driver.h */ = {isa = PBXFileReference; fileEncoding = 4; lastKnownFileType = sourcecode.c.h; path = Driver.h; sourceTree = "<group>"; };
		044C14B6248A52A800B2A0B5 /* Logistician.h */ = {isa = PBXFileReference; fileEncoding = 4; lastKnownFileType = sourcecode.c.h; path = Logistician.h; sourceTree = "<group>"; };
		044C14B7248A52A800B2A0B5 /* ObjectFactory.h */ = {isa = PBXFileReference; fileEncoding = 4; lastKnownFileType = sourcecode.c.h; path = ObjectFactory.h; sourceTree = "<group>"; };
		044C14B8248A52A800B2A0B5 /* Lawyer.h */ = {isa = PBXFileReference; fileEncoding = 4; lastKnownFileType = sourcecode.c.h; path = Lawyer.h; sourceTree = "<group>"; };
		044C14B9248A530C00B2A0B5 /* Logistician.cpp */ = {isa = PBXFileReference; fileEncoding = 4; lastKnownFileType = sourcecode.cpp.cpp; path = Logistician.cpp; sourceTree = "<group>"; };
		044C14BA248A530C00B2A0B5 /* Lawyer.cpp */ = {isa = PBXFileReference; fileEncoding = 4; lastKnownFileType = sourcecode.cpp.cpp; path = Lawyer.cpp; sourceTree = "<group>"; };
		044C14BB248A530C00B2A0B5 /* Logger.cpp */ = {isa = PBXFileReference; fileEncoding = 4; lastKnownFileType = sourcecode.cpp.cpp; path = Logger.cpp; sourceTree = "<group>"; };
		044C14BC248A530C00B2A0B5 /* tinyxml2.cpp */ = {isa = PBXFileReference; fileEncoding = 4; lastKnownFileType = sourcecode.cpp.cpp; path = tinyxml2.cpp; sourceTree = "<group>"; };
		044C14BD248A530C00B2A0B5 /* Director.cpp */ = {isa = PBXFileReference; fileEncoding = 4; lastKnownFileType = sourcecode.cpp.cpp; path = Director.cpp; sourceTree = "<group>"; };
		044C14BE248A530C00B2A0B5 /* HeadOfProcurement.cpp */ = {isa = PBXFileReference; fileEncoding = 4; lastKnownFileType = sourcecode.cpp.cpp; path = HeadOfProcurement.cpp; sourceTree = "<group>"; };
		044C14BF248A530C00B2A0B5 /* Data.cpp */ = {isa = PBXFileReference; fileEncoding = 4; lastKnownFileType = sourcecode.cpp.cpp; path = Data.cpp; sourceTree = "<group>"; };
		044C14C0248A530D00B2A0B5 /* SalesManager.cpp */ = {isa = PBXFileReference; fileEncoding = 4; lastKnownFileType = sourcecode.cpp.cpp; path = SalesManager.cpp; sourceTree = "<group>"; };
		044C14C1248A530D00B2A0B5 /* Accountant.cpp */ = {isa = PBXFileReference; fileEncoding = 4; lastKnownFileType = sourcecode.cpp.cpp; path = Accountant.cpp; sourceTree = "<group>"; };
		044C14C2248A530D00B2A0B5 /* ChiefLegalCounsel.cpp */ = {isa = PBXFileReference; fileEncoding = 4; lastKnownFileType = sourcecode.cpp.cpp; path = ChiefLegalCounsel.cpp; sourceTree = "<group>"; };
		044C14C3248A530D00B2A0B5 /* Utils.cpp */ = {isa = PBXFileReference; fileEncoding = 4; lastKnownFileType = sourcecode.cpp.cpp; path = Utils.cpp; sourceTree = "<group>"; };
		044C14C4248A530D00B2A0B5 /* Loader.cpp */ = {isa = PBXFileReference; fileEncoding = 4; lastKnownFileType = sourcecode.cpp.cpp; path = Loader.cpp; sourceTree = "<group>"; };
		044C14C5248A530D00B2A0B5 /* HeadOfWarehouse.cpp */ = {isa = PBXFileReference; fileEncoding = 4; lastKnownFileType = sourcecode.cpp.cpp; path = HeadOfWarehouse.cpp; sourceTree = "<group>"; };
		044C14C6248A530D00B2A0B5 /* TradingCompany.cpp */ = {isa = PBXFileReference; fileEncoding = 4; lastKnownFileType = sourcecode.cpp.cpp; path = TradingCompany.cpp; sourceTree = "<group>"; };
		044C14C7248A530D00B2A0B5 /* ChiefAccountant.cpp */ = {isa = PBXFileReference; fileEncoding = 4; lastKnownFileType = sourcecode.cpp.cpp; path = ChiefAccountant.cpp; sourceTree = "<group>"; };
		044C14C8248A530D00B2A0B5 /* Driver.cpp */ = {isa = PBXFileReference; fileEncoding = 4; lastKnownFileType = sourcecode.cpp.cpp; path = Driver.cpp; sourceTree = "<group>"; };
		044C14C9248A530D00B2A0B5 /* Cashier.cpp */ = {isa = PBXFileReference; fileEncoding = 4; lastKnownFileType = sourcecode.cpp.cpp; path = Cashier.cpp; sourceTree = "<group>"; };
		044C14CA248A530D00B2A0B5 /* HRManager.cpp */ = {isa = PBXFileReference; fileEncoding = 4; lastKnownFileType = sourcecode.cpp.cpp; path = HRManager.cpp; sourceTree = "<group>"; };
		044C14CB248A530D00B2A0B5 /* main.cpp */ = {isa = PBXFileReference; fileEncoding = 4; lastKnownFileType = sourcecode.cpp.cpp; path = main.cpp; sourceTree = "<group>"; };
		044C14CC248A530D00B2A0B5 /* PurchasingManager.cpp */ = {isa = PBXFileReference; fileEncoding = 4; lastKnownFileType = sourcecode.cpp.cpp; path = PurchasingManager.cpp; sourceTree = "<group>"; };
		044C14E1248A681300B2A0B5 /* Логист.txt */ = {isa = PBXFileReference; fileEncoding = 4; lastKnownFileType = text; path = "Логист.txt"; sourceTree = "<group>"; };
		044C14E2248A681300B2A0B5 /* Главный_бухгалтер.txt */ = {isa = PBXFileReference; fileEncoding = 4; lastKnownFileType = text; path = "Главный_бухгалтер.txt"; sourceTree = "<group>"; };
		044C14E3248A681400B2A0B5 /* Водитель.txt */ = {isa = PBXFileReference; fileEncoding = 4; lastKnownFileType = text; path = "Водитель.txt"; sourceTree = "<group>"; };
		044C14E4248A681400B2A0B5 /* Начальник_склада.txt */ = {isa = PBXFileReference; fileEncoding = 4; lastKnownFileType = text; path = "Начальник_склада.txt"; sourceTree = "<group>"; };
		044C14E5248A681400B2A0B5 /* Кассир.txt */ = {isa = PBXFileReference; fileEncoding = 4; lastKnownFileType = text; path = "Кассир.txt"; sourceTree = "<group>"; };
		044C14E6248A681400B2A0B5 /* Главный_юрист-консультант.txt */ = {isa = PBXFileReference; fileEncoding = 4; lastKnownFileType = text; path = "Главный_юрист-консультант.txt"; sourceTree = "<group>"; };
		044C14E7248A681400B2A0B5 /* Директор.txt */ = {isa = PBXFileReference; fileEncoding = 4; lastKnownFileType = text; path = "Директор.txt"; sourceTree = "<group>"; };
		044C14E8248A681400B2A0B5 /* Бухгалтер.txt */ = {isa = PBXFileReference; fileEncoding = 4; lastKnownFileType = text; path = "Бухгалтер.txt"; sourceTree = "<group>"; };
		044C14E9248A681400B2A0B5 /* Менеджер_по_персоналу.txt */ = {isa = PBXFileReference; fileEncoding = 4; lastKnownFileType = text; path = "Менеджер_по_персоналу.txt"; sourceTree = "<group>"; };
		044C14EA248A681500B2A0B5 /* Юрист.txt */ = {isa = PBXFileReference; fileEncoding = 4; lastKnownFileType = text; path = "Юрист.txt"; sourceTree = "<group>"; };
		044C14EB248A681500B2A0B5 /* Менеджер_по_продажам.txt */ = {isa = PBXFileReference; fileEncoding = 4; lastKnownFileType = text; path = "Менеджер_по_продажам.txt"; sourceTree = "<group>"; };
		044C14EC248A681500B2A0B5 /* Менеджер_по_закупкам.txt */ = {isa = PBXFileReference; fileEncoding = 4; lastKnownFileType = text; path = "Менеджер_по_закупкам.txt"; sourceTree = "<group>"; };
		044C14ED248A681500B2A0B5 /* Начальник_отдела_закупок.txt */ = {isa = PBXFileReference; fileEncoding = 4; lastKnownFileType = text; path = "Начальник_отдела_закупок.txt"; sourceTree = "<group>"; };
		04A428CE2018FCF4004E1124 /* database */ = {isa = PBXFileReference; explicitFileType = "compiled.mach-o.executable"; includeInIndex = 0; path = database; sourceTree = BUILT_PRODUCTS_DIR; };
/* End PBXFileReference section */

/* Begin PBXFrameworksBuildPhase section */
		04A428CB2018FCF4004E1124 /* Frameworks */ = {
			isa = PBXFrameworksBuildPhase;
			buildActionMask = 2147483647;
			files = (
			);
			runOnlyForDeploymentPostprocessing = 0;
		};
/* End PBXFrameworksBuildPhase section */

/* Begin PBXGroup section */
		04A428C52018FCF4004E1124 = {
			isa = PBXGroup;
			children = (
				04BF8F4323F5CA3000857AB1 /* data */,
				04BF8F5223F5CA3000857AB1 /* include */,
				04BF8F6423F5CA3100857AB1 /* src */,
				04A428CF2018FCF4004E1124 /* Products */,
			);
			sourceTree = "<group>";
		};
		04A428CF2018FCF4004E1124 /* Products */ = {
			isa = PBXGroup;
			children = (
				04A428CE2018FCF4004E1124 /* database */,
			);
			name = Products;
			sourceTree = "<group>";
		};
		04BF8F4323F5CA3000857AB1 /* data */ = {
			isa = PBXGroup;
			children = (
				044C14E8248A681400B2A0B5 /* Бухгалтер.txt */,
				044C14E3248A681400B2A0B5 /* Водитель.txt */,
				044C14E2248A681300B2A0B5 /* Главный_бухгалтер.txt */,
				044C14E6248A681400B2A0B5 /* Главный_юрист-консультант.txt */,
				044C14E7248A681400B2A0B5 /* Директор.txt */,
				044C14E5248A681400B2A0B5 /* Кассир.txt */,
				044C14E1248A681300B2A0B5 /* Логист.txt */,
				044C14EC248A681500B2A0B5 /* Менеджер_по_закупкам.txt */,
				044C14E9248A681400B2A0B5 /* Менеджер_по_персоналу.txt */,
				044C14EB248A681500B2A0B5 /* Менеджер_по_продажам.txt */,
				044C14ED248A681500B2A0B5 /* Начальник_отдела_закупок.txt */,
				044C14E4248A681400B2A0B5 /* Начальник_склада.txt */,
				044C14EA248A681500B2A0B5 /* Юрист.txt */,
			);
			path = data;
			sourceTree = "<group>";
		};
		04BF8F5223F5CA3000857AB1 /* include */ = {
			isa = PBXGroup;
			children = (
				044C14B1248A52A700B2A0B5 /* Accountant.h */,
				044C14AA248A52A600B2A0B5 /* Cashier.h */,
				044C14AB248A52A600B2A0B5 /* ChiefAccountant.h */,
				044C14A7248A52A500B2A0B5 /* ChiefLegalCounsel.h */,
				044C14A8248A52A500B2A0B5 /* Data.h */,
				044C14B2248A52A700B2A0B5 /* Director.h */,
				044C14B5248A52A700B2A0B5 /* Driver.h */,
				044C14AE248A52A600B2A0B5 /* HeadOfProcurement.h */,
				044C14AD248A52A600B2A0B5 /* HeadOfWarehouse.h */,
				044C14AC248A52A600B2A0B5 /* HRManager.h */,
				044C14B8248A52A800B2A0B5 /* Lawyer.h */,
				044C14A5248A52A500B2A0B5 /* Loader.h */,
				044C14B4248A52A700B2A0B5 /* Logger.h */,
				044C14B6248A52A800B2A0B5 /* Logistician.h */,
				044C14B7248A52A800B2A0B5 /* ObjectFactory.h */,
				044C14AF248A52A600B2A0B5 /* PurchasingManager.h */,
				044C14A9248A52A600B2A0B5 /* SalesManager.h */,
				044C14B3248A52A700B2A0B5 /* tinyxml2.h */,
				044C14A6248A52A500B2A0B5 /* TradingCompany.h */,
				044C14B0248A52A700B2A0B5 /* Utils.h */,
			);
			path = include;
			sourceTree = "<group>";
		};
		04BF8F6423F5CA3100857AB1 /* src */ = {
			isa = PBXGroup;
			children = (
				044C14C1248A530D00B2A0B5 /* Accountant.cpp */,
				044C14C9248A530D00B2A0B5 /* Cashier.cpp */,
				044C14C7248A530D00B2A0B5 /* ChiefAccountant.cpp */,
				044C14C2248A530D00B2A0B5 /* ChiefLegalCounsel.cpp */,
				044C14BF248A530C00B2A0B5 /* Data.cpp */,
				044C14BD248A530C00B2A0B5 /* Director.cpp */,
				044C14C8248A530D00B2A0B5 /* Driver.cpp */,
				044C14BE248A530C00B2A0B5 /* HeadOfProcurement.cpp */,
				044C14C5248A530D00B2A0B5 /* HeadOfWarehouse.cpp */,
				044C14CA248A530D00B2A0B5 /* HRManager.cpp */,
				044C14BA248A530C00B2A0B5 /* Lawyer.cpp */,
				044C14C4248A530D00B2A0B5 /* Loader.cpp */,
				044C14BB248A530C00B2A0B5 /* Logger.cpp */,
				044C14B9248A530C00B2A0B5 /* Logistician.cpp */,
				044C14CB248A530D00B2A0B5 /* main.cpp */,
				044C14CC248A530D00B2A0B5 /* PurchasingManager.cpp */,
				044C14C0248A530D00B2A0B5 /* SalesManager.cpp */,
				044C14BC248A530C00B2A0B5 /* tinyxml2.cpp */,
				044C14C6248A530D00B2A0B5 /* TradingCompany.cpp */,
				044C14C3248A530D00B2A0B5 /* Utils.cpp */,
			);
			path = src;
			sourceTree = "<group>";
		};
/* End PBXGroup section */

/* Begin PBXNativeTarget section */
		04A428CD2018FCF4004E1124 /* database */ = {
			isa = PBXNativeTarget;
			buildConfigurationList = 04A428D52018FCF4004E1124 /* Build configuration list for PBXNativeTarget "database" */;
			buildPhases = (
				04A428CA2018FCF4004E1124 /* Sources */,
				04A428CB2018FCF4004E1124 /* Frameworks */,
				04A428CC2018FCF4004E1124 /* CopyFiles */,
			);
			buildRules = (
			);
			dependencies = (
			);
			name = database;
			productName = database;
			productReference = 04A428CE2018FCF4004E1124 /* database */;
			productType = "com.apple.product-type.tool";
		};
/* End PBXNativeTarget section */

/* Begin PBXProject section */
		04A428C62018FCF4004E1124 /* Project object */ = {
			isa = PBXProject;
			attributes = {
				LastUpgradeCheck = 0920;
				ORGANIZATIONNAME = sosimba;
				TargetAttributes = {
					04A428CD2018FCF4004E1124 = {
						CreatedOnToolsVersion = 9.2;
						ProvisioningStyle = Automatic;
					};
				};
			};
			buildConfigurationList = 04A428C92018FCF4004E1124 /* Build configuration list for PBXProject "database" */;
			compatibilityVersion = "Xcode 8.0";
			developmentRegion = en;
			hasScannedForEncodings = 0;
			knownRegions = (
				en,
			);
			mainGroup = 04A428C52018FCF4004E1124;
			productRefGroup = 04A428CF2018FCF4004E1124 /* Products */;
			projectDirPath = "";
			projectRoot = "";
			targets = (
				04A428CD2018FCF4004E1124 /* database */,
			);
		};
/* End PBXProject section */

/* Begin PBXSourcesBuildPhase section */
		04A428CA2018FCF4004E1124 /* Sources */ = {
			isa = PBXSourcesBuildPhase;
			buildActionMask = 2147483647;
			files = (
				044C14D1248A530E00B2A0B5 /* Director.cpp in Sources */,
				044C14DE248A530E00B2A0B5 /* HRManager.cpp in Sources */,
				044C14DB248A530E00B2A0B5 /* ChiefAccountant.cpp in Sources */,
				044C14D0248A530E00B2A0B5 /* tinyxml2.cpp in Sources */,
				044C14D3248A530E00B2A0B5 /* Data.cpp in Sources */,
				044C14D5248A530E00B2A0B5 /* Accountant.cpp in Sources */,
				044C14CD248A530E00B2A0B5 /* Logistician.cpp in Sources */,
				044C14D9248A530E00B2A0B5 /* HeadOfWarehouse.cpp in Sources */,
				044C14DC248A530E00B2A0B5 /* Driver.cpp in Sources */,
				044C14D6248A530E00B2A0B5 /* ChiefLegalCounsel.cpp in Sources */,
				044C14D4248A530E00B2A0B5 /* SalesManager.cpp in Sources */,
				044C14D2248A530E00B2A0B5 /* HeadOfProcurement.cpp in Sources */,
				044C14DA248A530E00B2A0B5 /* TradingCompany.cpp in Sources */,
				044C14E0248A530E00B2A0B5 /* PurchasingManager.cpp in Sources */,
				044C14DF248A530E00B2A0B5 /* main.cpp in Sources */,
				044C14D7248A530E00B2A0B5 /* Utils.cpp in Sources */,
				044C14CF248A530E00B2A0B5 /* Logger.cpp in Sources */,
				044C14DD248A530E00B2A0B5 /* Cashier.cpp in Sources */,
				044C14D8248A530E00B2A0B5 /* Loader.cpp in Sources */,
				044C14CE248A530E00B2A0B5 /* Lawyer.cpp in Sources */,
			);
			runOnlyForDeploymentPostprocessing = 0;
		};
/* End PBXSourcesBuildPhase section */

/* Begin XCBuildConfiguration section */
		04A428D32018FCF4004E1124 /* Debug */ = {
			isa = XCBuildConfiguration;
			buildSettings = {
				ALWAYS_SEARCH_USER_PATHS = NO;
				CLANG_ANALYZER_NONNULL = YES;
				CLANG_ANALYZER_NUMBER_OBJECT_CONVERSION = YES_AGGRESSIVE;
				CLANG_CXX_LANGUAGE_STANDARD = "gnu++14";
				CLANG_CXX_LIBRARY = "libc++";
				CLANG_ENABLE_MODULES = YES;
				CLANG_ENABLE_OBJC_ARC = YES;
				CLANG_WARN_BLOCK_CAPTURE_AUTORELEASING = YES;
				CLANG_WARN_BOOL_CONVERSION = YES;
				CLANG_WARN_COMMA = YES;
				CLANG_WARN_CONSTANT_CONVERSION = YES;
				CLANG_WARN_DIRECT_OBJC_ISA_USAGE = YES_ERROR;
				CLANG_WARN_DOCUMENTATION_COMMENTS = YES;
				CLANG_WARN_EMPTY_BODY = YES;
				CLANG_WARN_ENUM_CONVERSION = YES;
				CLANG_WARN_INFINITE_RECURSION = YES;
				CLANG_WARN_INT_CONVERSION = YES;
				CLANG_WARN_NON_LITERAL_NULL_CONVERSION = YES;
				CLANG_WARN_OBJC_LITERAL_CONVERSION = YES;
				CLANG_WARN_OBJC_ROOT_CLASS = YES_ERROR;
				CLANG_WARN_RANGE_LOOP_ANALYSIS = YES;
				CLANG_WARN_STRICT_PROTOTYPES = YES;
				CLANG_WARN_SUSPICIOUS_MOVE = YES;
				CLANG_WARN_UNGUARDED_AVAILABILITY = YES_AGGRESSIVE;
				CLANG_WARN_UNREACHABLE_CODE = YES;
				CLANG_WARN__DUPLICATE_METHOD_MATCH = YES;
				CODE_SIGN_IDENTITY = "-";
				COPY_PHASE_STRIP = NO;
				DEBUG_INFORMATION_FORMAT = dwarf;
				ENABLE_STRICT_OBJC_MSGSEND = YES;
				ENABLE_TESTABILITY = YES;
				GCC_C_LANGUAGE_STANDARD = gnu11;
				GCC_DYNAMIC_NO_PIC = NO;
				GCC_NO_COMMON_BLOCKS = YES;
				GCC_OPTIMIZATION_LEVEL = 0;
				GCC_PREPROCESSOR_DEFINITIONS = (
					"DEBUG=1",
					"$(inherited)",
				);
				GCC_WARN_64_TO_32_BIT_CONVERSION = YES;
				GCC_WARN_ABOUT_RETURN_TYPE = YES_ERROR;
				GCC_WARN_UNDECLARED_SELECTOR = YES;
				GCC_WARN_UNINITIALIZED_AUTOS = YES_AGGRESSIVE;
				GCC_WARN_UNUSED_FUNCTION = YES;
				GCC_WARN_UNUSED_VARIABLE = YES;
				MACOSX_DEPLOYMENT_TARGET = 10.12;
				MTL_ENABLE_DEBUG_INFO = YES;
				ONLY_ACTIVE_ARCH = YES;
				SDKROOT = macosx;
			};
			name = Debug;
		};
		04A428D42018FCF4004E1124 /* Release */ = {
			isa = XCBuildConfiguration;
			buildSettings = {
				ALWAYS_SEARCH_USER_PATHS = NO;
				CLANG_ANALYZER_NONNULL = YES;
				CLANG_ANALYZER_NUMBER_OBJECT_CONVERSION = YES_AGGRESSIVE;
				CLANG_CXX_LANGUAGE_STANDARD = "gnu++14";
				CLANG_CXX_LIBRARY = "libc++";
				CLANG_ENABLE_MODULES = YES;
				CLANG_ENABLE_OBJC_ARC = YES;
				CLANG_WARN_BLOCK_CAPTURE_AUTORELEASING = YES;
				CLANG_WARN_BOOL_CONVERSION = YES;
				CLANG_WARN_COMMA = YES;
				CLANG_WARN_CONSTANT_CONVERSION = YES;
				CLANG_WARN_DIRECT_OBJC_ISA_USAGE = YES_ERROR;
				CLANG_WARN_DOCUMENTATION_COMMENTS = YES;
				CLANG_WARN_EMPTY_BODY = YES;
				CLANG_WARN_ENUM_CONVERSION = YES;
				CLANG_WARN_INFINITE_RECURSION = YES;
				CLANG_WARN_INT_CONVERSION = YES;
				CLANG_WARN_NON_LITERAL_NULL_CONVERSION = YES;
				CLANG_WARN_OBJC_LITERAL_CONVERSION = YES;
				CLANG_WARN_OBJC_ROOT_CLASS = YES_ERROR;
				CLANG_WARN_RANGE_LOOP_ANALYSIS = YES;
				CLANG_WARN_STRICT_PROTOTYPES = YES;
				CLANG_WARN_SUSPICIOUS_MOVE = YES;
				CLANG_WARN_UNGUARDED_AVAILABILITY = YES_AGGRESSIVE;
				CLANG_WARN_UNREACHABLE_CODE = YES;
				CLANG_WARN__DUPLICATE_METHOD_MATCH = YES;
				CODE_SIGN_IDENTITY = "-";
				COPY_PHASE_STRIP = NO;
				DEBUG_INFORMATION_FORMAT = "dwarf-with-dsym";
				ENABLE_NS_ASSERTIONS = NO;
				ENABLE_STRICT_OBJC_MSGSEND = YES;
				GCC_C_LANGUAGE_STANDARD = gnu11;
				GCC_NO_COMMON_BLOCKS = YES;
				GCC_WARN_64_TO_32_BIT_CONVERSION = YES;
				GCC_WARN_ABOUT_RETURN_TYPE = YES_ERROR;
				GCC_WARN_UNDECLARED_SELECTOR = YES;
				GCC_WARN_UNINITIALIZED_AUTOS = YES_AGGRESSIVE;
				GCC_WARN_UNUSED_FUNCTION = YES;
				GCC_WARN_UNUSED_VARIABLE = YES;
				MACOSX_DEPLOYMENT_TARGET = 10.12;
				MTL_ENABLE_DEBUG_INFO = NO;
				SDKROOT = macosx;
			};
			name = Release;
		};
		04A428D62018FCF4004E1124 /* Debug */ = {
			isa = XCBuildConfiguration;
			buildSettings = {
				CLANG_CXX_LANGUAGE_STANDARD = "gnu++14";
				CLANG_CXX_LIBRARY = "libc++";
				CLANG_USE_OPTIMIZATION_PROFILE = NO;
				CLANG_WARN_UNGUARDED_AVAILABILITY = YES_AGGRESSIVE;
				CODE_SIGN_STYLE = Automatic;
				GCC_ENABLE_CPP_EXCEPTIONS = YES;
				GCC_NO_COMMON_BLOCKS = NO;
				GCC_VERSION = "";
				HEADER_SEARCH_PATHS = /usr/local/include;
				LIBRARY_SEARCH_PATHS = /usr/local/lib;
				OTHER_LDFLAGS = (
					"-lboost_filesystem",
					"-lboost_system",
					"-lboost_regex",
					"-lboost_program_options",
				);
				PRODUCT_NAME = "$(TARGET_NAME)";
			};
			name = Debug;
		};
		04A428D72018FCF4004E1124 /* Release */ = {
			isa = XCBuildConfiguration;
			buildSettings = {
				CLANG_CXX_LANGUAGE_STANDARD = "gnu++14";
				CLANG_CXX_LIBRARY = "libc++";
				CLANG_USE_OPTIMIZATION_PROFILE = NO;
				CLANG_WARN_UNGUARDED_AVAILABILITY = YES_AGGRESSIVE;
				CODE_SIGN_STYLE = Automatic;
				GCC_ENABLE_CPP_EXCEPTIONS = YES;
				GCC_NO_COMMON_BLOCKS = NO;
				GCC_VERSION = "";
				HEADER_SEARCH_PATHS = /usr/local/include;
				LIBRARY_SEARCH_PATHS = /usr/local/lib;
				OTHER_LDFLAGS = (
					"-lboost_filesystem",
					"-lboost_system",
					"-lboost_regex",
					"-lboost_program_options",
				);
				PRODUCT_NAME = "$(TARGET_NAME)";
			};
			name = Release;
		};
/* End XCBuildConfiguration section */

/* Begin XCConfigurationList section */
		04A428C92018FCF4004E1124 /* Build configuration list for PBXProject "database" */ = {
			isa = XCConfigurationList;
			buildConfigurations = (
				04A428D32018FCF4004E1124 /* Debug */,
				04A428D42018FCF4004E1124 /* Release */,
			);
			defaultConfigurationIsVisible = 0;
			defaultConfigurationName = Release;
		};
		04A428D52018FCF4004E1124 /* Build configuration list for PBXNativeTarget "database" */ = {
			isa = XCConfigurationList;
			buildConfigurations = (
				04A428D62018FCF4004E1124 /* Debug */,
				04A428D72018FCF4004E1124 /* Release */,
			);
			defaultConfigurationIsVisible = 0;
			defaultConfigurationName = Release;
		};
/* End XCConfigurationList section */
	};
	rootObject = 04A428C62018FCF4004E1124 /* Project object */;
}
